
Microsoft Visual Studio Solution File, Format Version 12.00
# Visual Studio Version 16
VisualStudioVersion = 16.0.30002.166
MinimumVisualStudioVersion = 15.0.26124.0
Project("{9A19103F-16F7-4668-BE54-9A1E7A4F7556}") = "Kernel", "src\Kernel\Kernel.csproj", "{B6F42099-DACD-472F-866C-BEF92DDDF754}"
EndProject
Project("{9A19103F-16F7-4668-BE54-9A1E7A4F7556}") = "Core", "src\Core\Core.csproj", "{0ACA57A6-A8F6-497C-85D3-D547433BFACB}"
EndProject
Project("{9A19103F-16F7-4668-BE54-9A1E7A4F7556}") = "Tests.IQsharp", "src\Tests\Tests.IQsharp.csproj", "{756BE082-2E89-47F0-A48A-D7E762B0A82E}"
EndProject
Project("{9A19103F-16F7-4668-BE54-9A1E7A4F7556}") = "Tool", "src\Tool\Tool.csproj", "{7EB9C7E8-7D40-432E-9857-1DD6301B9F4A}"
EndProject
Project("{9A19103F-16F7-4668-BE54-9A1E7A4F7556}") = "Web", "src\Web\Web.csproj", "{6431E92B-12AA-432C-8D53-C9A7A54BA21B}"
EndProject
Project("{9A19103F-16F7-4668-BE54-9A1E7A4F7556}") = "AzureClient", "src\AzureClient\AzureClient.csproj", "{E7B60C94-B666-4024-B53E-D12C142DE8DC}"
EndProject
Project("{9A19103F-16F7-4668-BE54-9A1E7A4F7556}") = "Jupyter", "src\Jupyter\Jupyter.csproj", "{19A9E2AB-8842-47E2-8E6A-6DD292B49E97}"
EndProject
Project("{9A19103F-16F7-4668-BE54-9A1E7A4F7556}") = "Mock.Chemistry", "src\Mock.Chemistry\Mock.Chemistry.csproj", "{2243DB2D-EFAC-4594-A44B-A25B399CE4DE}"
EndProject
Global
	GlobalSection(SolutionConfigurationPlatforms) = preSolution
		Debug|Any CPU = Debug|Any CPU
		Debug|x64 = Debug|x64
		Debug|x86 = Debug|x86
		Release|Any CPU = Release|Any CPU
		Release|x64 = Release|x64
		Release|x86 = Release|x86
	EndGlobalSection
	GlobalSection(ProjectConfigurationPlatforms) = postSolution
		{B6F42099-DACD-472F-866C-BEF92DDDF754}.Debug|Any CPU.ActiveCfg = Debug|Any CPU
		{B6F42099-DACD-472F-866C-BEF92DDDF754}.Debug|Any CPU.Build.0 = Debug|Any CPU
		{B6F42099-DACD-472F-866C-BEF92DDDF754}.Debug|x64.ActiveCfg = Debug|Any CPU
		{B6F42099-DACD-472F-866C-BEF92DDDF754}.Debug|x64.Build.0 = Debug|Any CPU
		{B6F42099-DACD-472F-866C-BEF92DDDF754}.Debug|x86.ActiveCfg = Debug|Any CPU
		{B6F42099-DACD-472F-866C-BEF92DDDF754}.Debug|x86.Build.0 = Debug|Any CPU
		{B6F42099-DACD-472F-866C-BEF92DDDF754}.Release|Any CPU.ActiveCfg = Release|Any CPU
		{B6F42099-DACD-472F-866C-BEF92DDDF754}.Release|Any CPU.Build.0 = Release|Any CPU
		{B6F42099-DACD-472F-866C-BEF92DDDF754}.Release|x64.ActiveCfg = Release|Any CPU
		{B6F42099-DACD-472F-866C-BEF92DDDF754}.Release|x64.Build.0 = Release|Any CPU
		{B6F42099-DACD-472F-866C-BEF92DDDF754}.Release|x86.ActiveCfg = Release|Any CPU
		{B6F42099-DACD-472F-866C-BEF92DDDF754}.Release|x86.Build.0 = Release|Any CPU
		{0ACA57A6-A8F6-497C-85D3-D547433BFACB}.Debug|Any CPU.ActiveCfg = Debug|Any CPU
		{0ACA57A6-A8F6-497C-85D3-D547433BFACB}.Debug|Any CPU.Build.0 = Debug|Any CPU
		{0ACA57A6-A8F6-497C-85D3-D547433BFACB}.Debug|x64.ActiveCfg = Debug|Any CPU
		{0ACA57A6-A8F6-497C-85D3-D547433BFACB}.Debug|x64.Build.0 = Debug|Any CPU
		{0ACA57A6-A8F6-497C-85D3-D547433BFACB}.Debug|x86.ActiveCfg = Debug|Any CPU
		{0ACA57A6-A8F6-497C-85D3-D547433BFACB}.Debug|x86.Build.0 = Debug|Any CPU
		{0ACA57A6-A8F6-497C-85D3-D547433BFACB}.Release|Any CPU.ActiveCfg = Release|Any CPU
		{0ACA57A6-A8F6-497C-85D3-D547433BFACB}.Release|Any CPU.Build.0 = Release|Any CPU
		{0ACA57A6-A8F6-497C-85D3-D547433BFACB}.Release|x64.ActiveCfg = Release|Any CPU
		{0ACA57A6-A8F6-497C-85D3-D547433BFACB}.Release|x64.Build.0 = Release|Any CPU
		{0ACA57A6-A8F6-497C-85D3-D547433BFACB}.Release|x86.ActiveCfg = Release|Any CPU
		{0ACA57A6-A8F6-497C-85D3-D547433BFACB}.Release|x86.Build.0 = Release|Any CPU
		{756BE082-2E89-47F0-A48A-D7E762B0A82E}.Debug|Any CPU.ActiveCfg = Debug|Any CPU
		{756BE082-2E89-47F0-A48A-D7E762B0A82E}.Debug|Any CPU.Build.0 = Debug|Any CPU
		{756BE082-2E89-47F0-A48A-D7E762B0A82E}.Debug|x64.ActiveCfg = Debug|Any CPU
		{756BE082-2E89-47F0-A48A-D7E762B0A82E}.Debug|x64.Build.0 = Debug|Any CPU
		{756BE082-2E89-47F0-A48A-D7E762B0A82E}.Debug|x86.ActiveCfg = Debug|Any CPU
		{756BE082-2E89-47F0-A48A-D7E762B0A82E}.Debug|x86.Build.0 = Debug|Any CPU
		{756BE082-2E89-47F0-A48A-D7E762B0A82E}.Release|Any CPU.ActiveCfg = Release|Any CPU
		{756BE082-2E89-47F0-A48A-D7E762B0A82E}.Release|Any CPU.Build.0 = Release|Any CPU
		{756BE082-2E89-47F0-A48A-D7E762B0A82E}.Release|x64.ActiveCfg = Release|Any CPU
		{756BE082-2E89-47F0-A48A-D7E762B0A82E}.Release|x64.Build.0 = Release|Any CPU
		{756BE082-2E89-47F0-A48A-D7E762B0A82E}.Release|x86.ActiveCfg = Release|Any CPU
		{756BE082-2E89-47F0-A48A-D7E762B0A82E}.Release|x86.Build.0 = Release|Any CPU
		{7EB9C7E8-7D40-432E-9857-1DD6301B9F4A}.Debug|Any CPU.ActiveCfg = Debug|Any CPU
		{7EB9C7E8-7D40-432E-9857-1DD6301B9F4A}.Debug|Any CPU.Build.0 = Debug|Any CPU
		{7EB9C7E8-7D40-432E-9857-1DD6301B9F4A}.Debug|x64.ActiveCfg = Debug|Any CPU
		{7EB9C7E8-7D40-432E-9857-1DD6301B9F4A}.Debug|x64.Build.0 = Debug|Any CPU
		{7EB9C7E8-7D40-432E-9857-1DD6301B9F4A}.Debug|x86.ActiveCfg = Debug|Any CPU
		{7EB9C7E8-7D40-432E-9857-1DD6301B9F4A}.Debug|x86.Build.0 = Debug|Any CPU
		{7EB9C7E8-7D40-432E-9857-1DD6301B9F4A}.Release|Any CPU.ActiveCfg = Release|Any CPU
		{7EB9C7E8-7D40-432E-9857-1DD6301B9F4A}.Release|Any CPU.Build.0 = Release|Any CPU
		{7EB9C7E8-7D40-432E-9857-1DD6301B9F4A}.Release|x64.ActiveCfg = Release|Any CPU
		{7EB9C7E8-7D40-432E-9857-1DD6301B9F4A}.Release|x64.Build.0 = Release|Any CPU
		{7EB9C7E8-7D40-432E-9857-1DD6301B9F4A}.Release|x86.ActiveCfg = Release|Any CPU
		{7EB9C7E8-7D40-432E-9857-1DD6301B9F4A}.Release|x86.Build.0 = Release|Any CPU
		{6431E92B-12AA-432C-8D53-C9A7A54BA21B}.Debug|Any CPU.ActiveCfg = Debug|Any CPU
		{6431E92B-12AA-432C-8D53-C9A7A54BA21B}.Debug|Any CPU.Build.0 = Debug|Any CPU
		{6431E92B-12AA-432C-8D53-C9A7A54BA21B}.Debug|x64.ActiveCfg = Debug|Any CPU
		{6431E92B-12AA-432C-8D53-C9A7A54BA21B}.Debug|x64.Build.0 = Debug|Any CPU
		{6431E92B-12AA-432C-8D53-C9A7A54BA21B}.Debug|x86.ActiveCfg = Debug|Any CPU
		{6431E92B-12AA-432C-8D53-C9A7A54BA21B}.Debug|x86.Build.0 = Debug|Any CPU
		{6431E92B-12AA-432C-8D53-C9A7A54BA21B}.Release|Any CPU.ActiveCfg = Release|Any CPU
		{6431E92B-12AA-432C-8D53-C9A7A54BA21B}.Release|Any CPU.Build.0 = Release|Any CPU
		{6431E92B-12AA-432C-8D53-C9A7A54BA21B}.Release|x64.ActiveCfg = Release|Any CPU
		{6431E92B-12AA-432C-8D53-C9A7A54BA21B}.Release|x64.Build.0 = Release|Any CPU
		{6431E92B-12AA-432C-8D53-C9A7A54BA21B}.Release|x86.ActiveCfg = Release|Any CPU
		{6431E92B-12AA-432C-8D53-C9A7A54BA21B}.Release|x86.Build.0 = Release|Any CPU
		{E7B60C94-B666-4024-B53E-D12C142DE8DC}.Debug|Any CPU.ActiveCfg = Debug|Any CPU
		{E7B60C94-B666-4024-B53E-D12C142DE8DC}.Debug|Any CPU.Build.0 = Debug|Any CPU
		{E7B60C94-B666-4024-B53E-D12C142DE8DC}.Debug|x64.ActiveCfg = Debug|Any CPU
		{E7B60C94-B666-4024-B53E-D12C142DE8DC}.Debug|x64.Build.0 = Debug|Any CPU
		{E7B60C94-B666-4024-B53E-D12C142DE8DC}.Debug|x86.ActiveCfg = Debug|Any CPU
		{E7B60C94-B666-4024-B53E-D12C142DE8DC}.Debug|x86.Build.0 = Debug|Any CPU
		{E7B60C94-B666-4024-B53E-D12C142DE8DC}.Release|Any CPU.ActiveCfg = Release|Any CPU
		{E7B60C94-B666-4024-B53E-D12C142DE8DC}.Release|Any CPU.Build.0 = Release|Any CPU
		{E7B60C94-B666-4024-B53E-D12C142DE8DC}.Release|x64.ActiveCfg = Release|Any CPU
		{E7B60C94-B666-4024-B53E-D12C142DE8DC}.Release|x64.Build.0 = Release|Any CPU
		{E7B60C94-B666-4024-B53E-D12C142DE8DC}.Release|x86.ActiveCfg = Release|Any CPU
		{E7B60C94-B666-4024-B53E-D12C142DE8DC}.Release|x86.Build.0 = Release|Any CPU
		{19A9E2AB-8842-47E2-8E6A-6DD292B49E97}.Debug|Any CPU.ActiveCfg = Debug|Any CPU
		{19A9E2AB-8842-47E2-8E6A-6DD292B49E97}.Debug|Any CPU.Build.0 = Debug|Any CPU
		{19A9E2AB-8842-47E2-8E6A-6DD292B49E97}.Debug|x64.ActiveCfg = Debug|Any CPU
		{19A9E2AB-8842-47E2-8E6A-6DD292B49E97}.Debug|x64.Build.0 = Debug|Any CPU
		{19A9E2AB-8842-47E2-8E6A-6DD292B49E97}.Debug|x86.ActiveCfg = Debug|Any CPU
		{19A9E2AB-8842-47E2-8E6A-6DD292B49E97}.Debug|x86.Build.0 = Debug|Any CPU
		{19A9E2AB-8842-47E2-8E6A-6DD292B49E97}.Release|Any CPU.ActiveCfg = Release|Any CPU
		{19A9E2AB-8842-47E2-8E6A-6DD292B49E97}.Release|Any CPU.Build.0 = Release|Any CPU
		{19A9E2AB-8842-47E2-8E6A-6DD292B49E97}.Release|x64.ActiveCfg = Release|Any CPU
		{19A9E2AB-8842-47E2-8E6A-6DD292B49E97}.Release|x64.Build.0 = Release|Any CPU
		{19A9E2AB-8842-47E2-8E6A-6DD292B49E97}.Release|x86.ActiveCfg = Release|Any CPU
		{19A9E2AB-8842-47E2-8E6A-6DD292B49E97}.Release|x86.Build.0 = Release|Any CPU
		{2243DB2D-EFAC-4594-A44B-A25B399CE4DE}.Debug|Any CPU.ActiveCfg = Debug|Any CPU
		{2243DB2D-EFAC-4594-A44B-A25B399CE4DE}.Debug|Any CPU.Build.0 = Debug|Any CPU
		{2243DB2D-EFAC-4594-A44B-A25B399CE4DE}.Debug|x64.ActiveCfg = Debug|Any CPU
		{2243DB2D-EFAC-4594-A44B-A25B399CE4DE}.Debug|x64.Build.0 = Debug|Any CPU
		{2243DB2D-EFAC-4594-A44B-A25B399CE4DE}.Debug|x86.ActiveCfg = Debug|Any CPU
		{2243DB2D-EFAC-4594-A44B-A25B399CE4DE}.Debug|x86.Build.0 = Debug|Any CPU
		{2243DB2D-EFAC-4594-A44B-A25B399CE4DE}.Release|Any CPU.ActiveCfg = Release|Any CPU
		{2243DB2D-EFAC-4594-A44B-A25B399CE4DE}.Release|Any CPU.Build.0 = Release|Any CPU
		{2243DB2D-EFAC-4594-A44B-A25B399CE4DE}.Release|x64.ActiveCfg = Release|Any CPU
		{2243DB2D-EFAC-4594-A44B-A25B399CE4DE}.Release|x64.Build.0 = Release|Any CPU
		{2243DB2D-EFAC-4594-A44B-A25B399CE4DE}.Release|x86.ActiveCfg = Release|Any CPU
		{2243DB2D-EFAC-4594-A44B-A25B399CE4DE}.Release|x86.Build.0 = Release|Any CPU
	EndGlobalSection
	GlobalSection(SolutionProperties) = preSolution
		HideSolutionNode = FALSE
	EndGlobalSection
	GlobalSection(ExtensibilityGlobals) = postSolution
		SolutionGuid = {46F1047E-D0BC-4FF1-AC74-383480238965}
	EndGlobalSection
EndGlobal
