
Microsoft Visual Studio Solution File, Format Version 12.00
# Visual Studio Version 16
VisualStudioVersion = 16.0.30002.166
MinimumVisualStudioVersion = 15.0.26124.0
Project("{9A19103F-16F7-4668-BE54-9A1E7A4F7556}") = "Kernel", "src\Kernel\Kernel.csproj", "{B6F42099-DACD-472F-866C-BEF92DDDF754}"
EndProject
Project("{9A19103F-16F7-4668-BE54-9A1E7A4F7556}") = "Core", "src\Core\Core.csproj", "{0ACA57A6-A8F6-497C-85D3-D547433BFACB}"
EndProject
Project("{9A19103F-16F7-4668-BE54-9A1E7A4F7556}") = "Tests.IQsharp", "src\Tests\Tests.IQsharp.csproj", "{756BE082-2E89-47F0-A48A-D7E762B0A82E}"
EndProject
Project("{9A19103F-16F7-4668-BE54-9A1E7A4F7556}") = "Tool", "src\Tool\Tool.csproj", "{7EB9C7E8-7D40-432E-9857-1DD6301B9F4A}"
EndProject
Project("{9A19103F-16F7-4668-BE54-9A1E7A4F7556}") = "Web", "src\Web\Web.csproj", "{6431E92B-12AA-432C-8D53-C9A7A54BA21B}"
EndProject
Project("{9A19103F-16F7-4668-BE54-9A1E7A4F7556}") = "AzureClient", "src\AzureClient\AzureClient.csproj", "{E7B60C94-B666-4024-B53E-D12C142DE8DC}"
EndProject
Project("{9A19103F-16F7-4668-BE54-9A1E7A4F7556}") = "Jupyter", "src\Jupyter\Jupyter.csproj", "{19A9E2AB-8842-47E2-8E6A-6DD292B49E97}"
EndProject
Project("{9A19103F-16F7-4668-BE54-9A1E7A4F7556}") = "Mock.Chemistry", "src\MockLibraries\Mock.Chemistry\Mock.Chemistry.csproj", "{AAAEA32B-3CFA-40D4-A7A0-D332ACB40BA1}"
EndProject
Project("{9A19103F-16F7-4668-BE54-9A1E7A4F7556}") = "Mock.Standard", "src\MockLibraries\Mock.Standard\Mock.Standard.csproj", "{854E40D3-64A2-4864-AB79-AB9CC61DA1DE}"
EndProject
Project("{9A19103F-16F7-4668-BE54-9A1E7A4F7556}") = "ExecutionPathTracer", "src\ExecutionPathTracer\ExecutionPathTracer.csproj", "{B136289B-FDCD-4354-BD7F-7FC195EE7CF3}"
EndProject
Project("{2150E333-8FDC-42A3-9474-1A3956D46DE8}") = "src", "src", "{E82C6A18-7E8B-416E-9BF1-30AE4FD07080}"
EndProject
Project("{FAE04EC0-301F-11D3-BF4B-00C04F79EFBC}") = "CellParser", "src\CellParser\CellParser.csproj", "{84FE4CE2-58A2-4CC0-B9B4-75F4BB890F22}"
EndProject
Global
	GlobalSection(SolutionConfigurationPlatforms) = preSolution
		Debug|Any CPU = Debug|Any CPU
		Debug|x64 = Debug|x64
		Debug|x86 = Debug|x86
		Release|Any CPU = Release|Any CPU
		Release|x64 = Release|x64
		Release|x86 = Release|x86
	EndGlobalSection
	GlobalSection(ProjectConfigurationPlatforms) = postSolution
		{B6F42099-DACD-472F-866C-BEF92DDDF754}.Debug|Any CPU.ActiveCfg = Debug|Any CPU
		{B6F42099-DACD-472F-866C-BEF92DDDF754}.Debug|Any CPU.Build.0 = Debug|Any CPU
		{B6F42099-DACD-472F-866C-BEF92DDDF754}.Debug|x64.ActiveCfg = Debug|Any CPU
		{B6F42099-DACD-472F-866C-BEF92DDDF754}.Debug|x64.Build.0 = Debug|Any CPU
		{B6F42099-DACD-472F-866C-BEF92DDDF754}.Debug|x86.ActiveCfg = Debug|Any CPU
		{B6F42099-DACD-472F-866C-BEF92DDDF754}.Debug|x86.Build.0 = Debug|Any CPU
		{B6F42099-DACD-472F-866C-BEF92DDDF754}.Release|Any CPU.ActiveCfg = Release|Any CPU
		{B6F42099-DACD-472F-866C-BEF92DDDF754}.Release|Any CPU.Build.0 = Release|Any CPU
		{B6F42099-DACD-472F-866C-BEF92DDDF754}.Release|x64.ActiveCfg = Release|Any CPU
		{B6F42099-DACD-472F-866C-BEF92DDDF754}.Release|x64.Build.0 = Release|Any CPU
		{B6F42099-DACD-472F-866C-BEF92DDDF754}.Release|x86.ActiveCfg = Release|Any CPU
		{B6F42099-DACD-472F-866C-BEF92DDDF754}.Release|x86.Build.0 = Release|Any CPU
		{0ACA57A6-A8F6-497C-85D3-D547433BFACB}.Debug|Any CPU.ActiveCfg = Debug|Any CPU
		{0ACA57A6-A8F6-497C-85D3-D547433BFACB}.Debug|Any CPU.Build.0 = Debug|Any CPU
		{0ACA57A6-A8F6-497C-85D3-D547433BFACB}.Debug|x64.ActiveCfg = Debug|Any CPU
		{0ACA57A6-A8F6-497C-85D3-D547433BFACB}.Debug|x64.Build.0 = Debug|Any CPU
		{0ACA57A6-A8F6-497C-85D3-D547433BFACB}.Debug|x86.ActiveCfg = Debug|Any CPU
		{0ACA57A6-A8F6-497C-85D3-D547433BFACB}.Debug|x86.Build.0 = Debug|Any CPU
		{0ACA57A6-A8F6-497C-85D3-D547433BFACB}.Release|Any CPU.ActiveCfg = Release|Any CPU
		{0ACA57A6-A8F6-497C-85D3-D547433BFACB}.Release|Any CPU.Build.0 = Release|Any CPU
		{0ACA57A6-A8F6-497C-85D3-D547433BFACB}.Release|x64.ActiveCfg = Release|Any CPU
		{0ACA57A6-A8F6-497C-85D3-D547433BFACB}.Release|x64.Build.0 = Release|Any CPU
		{0ACA57A6-A8F6-497C-85D3-D547433BFACB}.Release|x86.ActiveCfg = Release|Any CPU
		{0ACA57A6-A8F6-497C-85D3-D547433BFACB}.Release|x86.Build.0 = Release|Any CPU
		{756BE082-2E89-47F0-A48A-D7E762B0A82E}.Debug|Any CPU.ActiveCfg = Debug|Any CPU
		{756BE082-2E89-47F0-A48A-D7E762B0A82E}.Debug|Any CPU.Build.0 = Debug|Any CPU
		{756BE082-2E89-47F0-A48A-D7E762B0A82E}.Debug|x64.ActiveCfg = Debug|Any CPU
		{756BE082-2E89-47F0-A48A-D7E762B0A82E}.Debug|x64.Build.0 = Debug|Any CPU
		{756BE082-2E89-47F0-A48A-D7E762B0A82E}.Debug|x86.ActiveCfg = Debug|Any CPU
		{756BE082-2E89-47F0-A48A-D7E762B0A82E}.Debug|x86.Build.0 = Debug|Any CPU
		{756BE082-2E89-47F0-A48A-D7E762B0A82E}.Release|Any CPU.ActiveCfg = Release|Any CPU
		{756BE082-2E89-47F0-A48A-D7E762B0A82E}.Release|Any CPU.Build.0 = Release|Any CPU
		{756BE082-2E89-47F0-A48A-D7E762B0A82E}.Release|x64.ActiveCfg = Release|Any CPU
		{756BE082-2E89-47F0-A48A-D7E762B0A82E}.Release|x64.Build.0 = Release|Any CPU
		{756BE082-2E89-47F0-A48A-D7E762B0A82E}.Release|x86.ActiveCfg = Release|Any CPU
		{756BE082-2E89-47F0-A48A-D7E762B0A82E}.Release|x86.Build.0 = Release|Any CPU
		{7EB9C7E8-7D40-432E-9857-1DD6301B9F4A}.Debug|Any CPU.ActiveCfg = Debug|Any CPU
		{7EB9C7E8-7D40-432E-9857-1DD6301B9F4A}.Debug|Any CPU.Build.0 = Debug|Any CPU
		{7EB9C7E8-7D40-432E-9857-1DD6301B9F4A}.Debug|x64.ActiveCfg = Debug|Any CPU
		{7EB9C7E8-7D40-432E-9857-1DD6301B9F4A}.Debug|x64.Build.0 = Debug|Any CPU
		{7EB9C7E8-7D40-432E-9857-1DD6301B9F4A}.Debug|x86.ActiveCfg = Debug|Any CPU
		{7EB9C7E8-7D40-432E-9857-1DD6301B9F4A}.Debug|x86.Build.0 = Debug|Any CPU
		{7EB9C7E8-7D40-432E-9857-1DD6301B9F4A}.Release|Any CPU.ActiveCfg = Release|Any CPU
		{7EB9C7E8-7D40-432E-9857-1DD6301B9F4A}.Release|Any CPU.Build.0 = Release|Any CPU
		{7EB9C7E8-7D40-432E-9857-1DD6301B9F4A}.Release|x64.ActiveCfg = Release|Any CPU
		{7EB9C7E8-7D40-432E-9857-1DD6301B9F4A}.Release|x64.Build.0 = Release|Any CPU
		{7EB9C7E8-7D40-432E-9857-1DD6301B9F4A}.Release|x86.ActiveCfg = Release|Any CPU
		{7EB9C7E8-7D40-432E-9857-1DD6301B9F4A}.Release|x86.Build.0 = Release|Any CPU
		{6431E92B-12AA-432C-8D53-C9A7A54BA21B}.Debug|Any CPU.ActiveCfg = Debug|Any CPU
		{6431E92B-12AA-432C-8D53-C9A7A54BA21B}.Debug|Any CPU.Build.0 = Debug|Any CPU
		{6431E92B-12AA-432C-8D53-C9A7A54BA21B}.Debug|x64.ActiveCfg = Debug|Any CPU
		{6431E92B-12AA-432C-8D53-C9A7A54BA21B}.Debug|x64.Build.0 = Debug|Any CPU
		{6431E92B-12AA-432C-8D53-C9A7A54BA21B}.Debug|x86.ActiveCfg = Debug|Any CPU
		{6431E92B-12AA-432C-8D53-C9A7A54BA21B}.Debug|x86.Build.0 = Debug|Any CPU
		{6431E92B-12AA-432C-8D53-C9A7A54BA21B}.Release|Any CPU.ActiveCfg = Release|Any CPU
		{6431E92B-12AA-432C-8D53-C9A7A54BA21B}.Release|Any CPU.Build.0 = Release|Any CPU
		{6431E92B-12AA-432C-8D53-C9A7A54BA21B}.Release|x64.ActiveCfg = Release|Any CPU
		{6431E92B-12AA-432C-8D53-C9A7A54BA21B}.Release|x64.Build.0 = Release|Any CPU
		{6431E92B-12AA-432C-8D53-C9A7A54BA21B}.Release|x86.ActiveCfg = Release|Any CPU
		{6431E92B-12AA-432C-8D53-C9A7A54BA21B}.Release|x86.Build.0 = Release|Any CPU
		{E7B60C94-B666-4024-B53E-D12C142DE8DC}.Debug|Any CPU.ActiveCfg = Debug|Any CPU
		{E7B60C94-B666-4024-B53E-D12C142DE8DC}.Debug|Any CPU.Build.0 = Debug|Any CPU
		{E7B60C94-B666-4024-B53E-D12C142DE8DC}.Debug|x64.ActiveCfg = Debug|Any CPU
		{E7B60C94-B666-4024-B53E-D12C142DE8DC}.Debug|x64.Build.0 = Debug|Any CPU
		{E7B60C94-B666-4024-B53E-D12C142DE8DC}.Debug|x86.ActiveCfg = Debug|Any CPU
		{E7B60C94-B666-4024-B53E-D12C142DE8DC}.Debug|x86.Build.0 = Debug|Any CPU
		{E7B60C94-B666-4024-B53E-D12C142DE8DC}.Release|Any CPU.ActiveCfg = Release|Any CPU
		{E7B60C94-B666-4024-B53E-D12C142DE8DC}.Release|Any CPU.Build.0 = Release|Any CPU
		{E7B60C94-B666-4024-B53E-D12C142DE8DC}.Release|x64.ActiveCfg = Release|Any CPU
		{E7B60C94-B666-4024-B53E-D12C142DE8DC}.Release|x64.Build.0 = Release|Any CPU
		{E7B60C94-B666-4024-B53E-D12C142DE8DC}.Release|x86.ActiveCfg = Release|Any CPU
		{E7B60C94-B666-4024-B53E-D12C142DE8DC}.Release|x86.Build.0 = Release|Any CPU
		{19A9E2AB-8842-47E2-8E6A-6DD292B49E97}.Debug|Any CPU.ActiveCfg = Debug|Any CPU
		{19A9E2AB-8842-47E2-8E6A-6DD292B49E97}.Debug|Any CPU.Build.0 = Debug|Any CPU
		{19A9E2AB-8842-47E2-8E6A-6DD292B49E97}.Debug|x64.ActiveCfg = Debug|Any CPU
		{19A9E2AB-8842-47E2-8E6A-6DD292B49E97}.Debug|x64.Build.0 = Debug|Any CPU
		{19A9E2AB-8842-47E2-8E6A-6DD292B49E97}.Debug|x86.ActiveCfg = Debug|Any CPU
		{19A9E2AB-8842-47E2-8E6A-6DD292B49E97}.Debug|x86.Build.0 = Debug|Any CPU
		{19A9E2AB-8842-47E2-8E6A-6DD292B49E97}.Release|Any CPU.ActiveCfg = Release|Any CPU
		{19A9E2AB-8842-47E2-8E6A-6DD292B49E97}.Release|Any CPU.Build.0 = Release|Any CPU
		{19A9E2AB-8842-47E2-8E6A-6DD292B49E97}.Release|x64.ActiveCfg = Release|Any CPU
		{19A9E2AB-8842-47E2-8E6A-6DD292B49E97}.Release|x64.Build.0 = Release|Any CPU
		{19A9E2AB-8842-47E2-8E6A-6DD292B49E97}.Release|x86.ActiveCfg = Release|Any CPU
		{19A9E2AB-8842-47E2-8E6A-6DD292B49E97}.Release|x86.Build.0 = Release|Any CPU
		{AAAEA32B-3CFA-40D4-A7A0-D332ACB40BA1}.Debug|Any CPU.ActiveCfg = Debug|Any CPU
		{AAAEA32B-3CFA-40D4-A7A0-D332ACB40BA1}.Debug|Any CPU.Build.0 = Debug|Any CPU
		{AAAEA32B-3CFA-40D4-A7A0-D332ACB40BA1}.Debug|x64.ActiveCfg = Debug|Any CPU
		{AAAEA32B-3CFA-40D4-A7A0-D332ACB40BA1}.Debug|x64.Build.0 = Debug|Any CPU
		{AAAEA32B-3CFA-40D4-A7A0-D332ACB40BA1}.Debug|x86.ActiveCfg = Debug|Any CPU
		{AAAEA32B-3CFA-40D4-A7A0-D332ACB40BA1}.Debug|x86.Build.0 = Debug|Any CPU
		{AAAEA32B-3CFA-40D4-A7A0-D332ACB40BA1}.Release|Any CPU.ActiveCfg = Release|Any CPU
		{AAAEA32B-3CFA-40D4-A7A0-D332ACB40BA1}.Release|Any CPU.Build.0 = Release|Any CPU
		{AAAEA32B-3CFA-40D4-A7A0-D332ACB40BA1}.Release|x64.ActiveCfg = Release|Any CPU
		{AAAEA32B-3CFA-40D4-A7A0-D332ACB40BA1}.Release|x64.Build.0 = Release|Any CPU
		{AAAEA32B-3CFA-40D4-A7A0-D332ACB40BA1}.Release|x86.ActiveCfg = Release|Any CPU
		{AAAEA32B-3CFA-40D4-A7A0-D332ACB40BA1}.Release|x86.Build.0 = Release|Any CPU
		{854E40D3-64A2-4864-AB79-AB9CC61DA1DE}.Debug|Any CPU.ActiveCfg = Debug|Any CPU
		{854E40D3-64A2-4864-AB79-AB9CC61DA1DE}.Debug|Any CPU.Build.0 = Debug|Any CPU
		{854E40D3-64A2-4864-AB79-AB9CC61DA1DE}.Debug|x64.ActiveCfg = Debug|Any CPU
		{854E40D3-64A2-4864-AB79-AB9CC61DA1DE}.Debug|x64.Build.0 = Debug|Any CPU
		{854E40D3-64A2-4864-AB79-AB9CC61DA1DE}.Debug|x86.ActiveCfg = Debug|Any CPU
		{854E40D3-64A2-4864-AB79-AB9CC61DA1DE}.Debug|x86.Build.0 = Debug|Any CPU
		{854E40D3-64A2-4864-AB79-AB9CC61DA1DE}.Release|Any CPU.ActiveCfg = Release|Any CPU
		{854E40D3-64A2-4864-AB79-AB9CC61DA1DE}.Release|Any CPU.Build.0 = Release|Any CPU
		{854E40D3-64A2-4864-AB79-AB9CC61DA1DE}.Release|x64.ActiveCfg = Release|Any CPU
		{854E40D3-64A2-4864-AB79-AB9CC61DA1DE}.Release|x64.Build.0 = Release|Any CPU
		{854E40D3-64A2-4864-AB79-AB9CC61DA1DE}.Release|x86.ActiveCfg = Release|Any CPU
		{854E40D3-64A2-4864-AB79-AB9CC61DA1DE}.Release|x86.Build.0 = Release|Any CPU
		{B136289B-FDCD-4354-BD7F-7FC195EE7CF3}.Debug|Any CPU.ActiveCfg = Debug|Any CPU
		{B136289B-FDCD-4354-BD7F-7FC195EE7CF3}.Debug|Any CPU.Build.0 = Debug|Any CPU
		{B136289B-FDCD-4354-BD7F-7FC195EE7CF3}.Debug|x64.ActiveCfg = Debug|Any CPU
		{B136289B-FDCD-4354-BD7F-7FC195EE7CF3}.Debug|x64.Build.0 = Debug|Any CPU
		{B136289B-FDCD-4354-BD7F-7FC195EE7CF3}.Debug|x86.ActiveCfg = Debug|Any CPU
		{B136289B-FDCD-4354-BD7F-7FC195EE7CF3}.Debug|x86.Build.0 = Debug|Any CPU
		{B136289B-FDCD-4354-BD7F-7FC195EE7CF3}.Release|Any CPU.ActiveCfg = Release|Any CPU
		{B136289B-FDCD-4354-BD7F-7FC195EE7CF3}.Release|Any CPU.Build.0 = Release|Any CPU
		{B136289B-FDCD-4354-BD7F-7FC195EE7CF3}.Release|x64.ActiveCfg = Release|Any CPU
		{B136289B-FDCD-4354-BD7F-7FC195EE7CF3}.Release|x64.Build.0 = Release|Any CPU
		{B136289B-FDCD-4354-BD7F-7FC195EE7CF3}.Release|x86.ActiveCfg = Release|Any CPU
		{B136289B-FDCD-4354-BD7F-7FC195EE7CF3}.Release|x86.Build.0 = Release|Any CPU
		{84FE4CE2-58A2-4CC0-B9B4-75F4BB890F22}.Debug|Any CPU.ActiveCfg = Debug|Any CPU
		{84FE4CE2-58A2-4CC0-B9B4-75F4BB890F22}.Debug|Any CPU.Build.0 = Debug|Any CPU
		{84FE4CE2-58A2-4CC0-B9B4-75F4BB890F22}.Debug|x64.ActiveCfg = Debug|Any CPU
		{84FE4CE2-58A2-4CC0-B9B4-75F4BB890F22}.Debug|x64.Build.0 = Debug|Any CPU
		{84FE4CE2-58A2-4CC0-B9B4-75F4BB890F22}.Debug|x86.ActiveCfg = Debug|Any CPU
		{84FE4CE2-58A2-4CC0-B9B4-75F4BB890F22}.Debug|x86.Build.0 = Debug|Any CPU
		{84FE4CE2-58A2-4CC0-B9B4-75F4BB890F22}.Release|Any CPU.ActiveCfg = Release|Any CPU
		{84FE4CE2-58A2-4CC0-B9B4-75F4BB890F22}.Release|Any CPU.Build.0 = Release|Any CPU
		{84FE4CE2-58A2-4CC0-B9B4-75F4BB890F22}.Release|x64.ActiveCfg = Release|Any CPU
		{84FE4CE2-58A2-4CC0-B9B4-75F4BB890F22}.Release|x64.Build.0 = Release|Any CPU
		{84FE4CE2-58A2-4CC0-B9B4-75F4BB890F22}.Release|x86.ActiveCfg = Release|Any CPU
		{84FE4CE2-58A2-4CC0-B9B4-75F4BB890F22}.Release|x86.Build.0 = Release|Any CPU
	EndGlobalSection
	GlobalSection(SolutionProperties) = preSolution
		HideSolutionNode = FALSE
	EndGlobalSection
	GlobalSection(ExtensibilityGlobals) = postSolution
		SolutionGuid = {46F1047E-D0BC-4FF1-AC74-383480238965}
	EndGlobalSection
	GlobalSection(NestedProjects) = preSolution
		{84FE4CE2-58A2-4CC0-B9B4-75F4BB890F22} = {E82C6A18-7E8B-416E-9BF1-30AE4FD07080}
	EndGlobalSection
EndGlobal
